// !$*UTF8*$!
{
	archiveVersion = 1;
	classes = {
	};
	objectVersion = 51;
	objects = {

/* Begin PBXBuildFile section */
		0D50421E896ADA2636C55CA6 /* PromiseKit in Frameworks */ = {isa = PBXBuildFile; productRef = F1BBD13E145F05C0BC2F0500 /* PromiseKit */; };
		1ECEFEB80E3E47B251E183F8 /* Show.swift in Sources */ = {isa = PBXBuildFile; fileRef = 55C24A303230A90A50047D0F /* Show.swift */; };
		1F6986E8C46CBFC1F2A1A937 /* Main.storyboard in Resources */ = {isa = PBXBuildFile; fileRef = 8B80EFD42882FCC6647ABE47 /* Main.storyboard */; };
		242225E1819DAEF7B89D1275 /* BombAPI.framework in Embed Frameworks */ = {isa = PBXBuildFile; fileRef = 5C7156E4AA5CABC2783A41F8 /* BombAPI.framework */; settings = {ATTRIBUTES = (CodeSignOnCopy, RemoveHeadersOnCopy, ); }; };
		2E3D740CEA88363122E3081E /* VideosResponse.swift in Sources */ = {isa = PBXBuildFile; fileRef = 6BB76183DD948BDB617AABCC /* VideosResponse.swift */; };
		2E7884B992C38A6A0F57358F /* PMKFoundation in Frameworks */ = {isa = PBXBuildFile; productRef = 4D8DC60422AF441237CD2BAD /* PMKFoundation */; };
		3AD179442125BFC1949D753B /* Assets.xcassets in Resources */ = {isa = PBXBuildFile; fileRef = 9A0DC94F25F8529BFF6C4851 /* Assets.xcassets */; };
		5434BB552DB95F58084600DF /* VideoCell.xib in Resources */ = {isa = PBXBuildFile; fileRef = D7A15E196142A826871F30B9 /* VideoCell.xib */; };
		643BA0060AC8065C5F52462A /* Images.swift in Sources */ = {isa = PBXBuildFile; fileRef = C2A8140022886D1EBED83568 /* Images.swift */; };
		666BDBBCFFD078BA081F52A6 /* HomeViewModel.swift in Sources */ = {isa = PBXBuildFile; fileRef = 6A0595E7B5A5640016FEC21C /* HomeViewModel.swift */; };
		68B5A46FEE33D2CE0852AD7F /* Bomb_TVTests.swift in Sources */ = {isa = PBXBuildFile; fileRef = AEC903BFEB06D722AD044209 /* Bomb_TVTests.swift */; };
		7239058C33DA5FE347EC84FB /* BombAPI.framework in Frameworks */ = {isa = PBXBuildFile; fileRef = 5C7156E4AA5CABC2783A41F8 /* BombAPI.framework */; };
		78702F7DBFDF1AF30FE63923 /* VideoCell.swift in Sources */ = {isa = PBXBuildFile; fileRef = 72479A0E6A70854E2D6A53D8 /* VideoCell.swift */; };
		85C13CCC0339E8BD5FB7BDE5 /* BombAPI.swift in Sources */ = {isa = PBXBuildFile; fileRef = 378DF5FBB1DCD1CB0055A51C /* BombAPI.swift */; };
		99415A422140D062D5219407 /* Bomb_TVUITests.swift in Sources */ = {isa = PBXBuildFile; fileRef = 9E26DECB8A641DFA44EBC63C /* Bomb_TVUITests.swift */; };
		A180F402F5A45DD3D4A4D659 /* LiveVideo.swift in Sources */ = {isa = PBXBuildFile; fileRef = BE2820F2311029748E8A247E /* LiveVideo.swift */; };
		A486976C4C8F64FAF9C8F4A3 /* Nuke in Frameworks */ = {isa = PBXBuildFile; productRef = 3664CC22F0D7E468AA2DF479 /* Nuke */; };
		A72671C470BEB45BAE2637BA /* BombVideo.swift in Sources */ = {isa = PBXBuildFile; fileRef = AC085D1A6315042479D473E2 /* BombVideo.swift */; };
		B0AEE0CBC1947EA1F4B86829 /* TVUIKit.framework in Frameworks */ = {isa = PBXBuildFile; fileRef = CCFC6AF47F8DB69836780604 /* TVUIKit.framework */; };
		BB8913DA81BE05CCF8F1E435 /* BombDateFormatter.swift in Sources */ = {isa = PBXBuildFile; fileRef = 7C13467541C6D6726C97BFD9 /* BombDateFormatter.swift */; };
		C3096C7C0F83FDC132F09498 /* VideoURLs.swift in Sources */ = {isa = PBXBuildFile; fileRef = F692D2583BADE5871565FF02 /* VideoURLs.swift */; };
		C882F91AA52B0BF93FF6FFEA /* SectionHeaderText.swift in Sources */ = {isa = PBXBuildFile; fileRef = 53E9E91BB1CC8DC0B4A8981B /* SectionHeaderText.swift */; };
		D17A6F966313674B7D7881F0 /* ViewController.swift in Sources */ = {isa = PBXBuildFile; fileRef = 3C3A974A6D6CA6AB690B7C33 /* ViewController.swift */; };
		D44077734B4ABA26845811C3 /* CredentialProvider.swift in Sources */ = {isa = PBXBuildFile; fileRef = 2392E94E07D865B838493AD6 /* CredentialProvider.swift */; };
		E9433787AE26FBE759B90F27 /* LaunchScreen.storyboard in Resources */ = {isa = PBXBuildFile; fileRef = F54630F081AFC11D42098B74 /* LaunchScreen.storyboard */; };
		FD0C3786F69B7C57D188478C /* SectionHeaderText.xib in Resources */ = {isa = PBXBuildFile; fileRef = 1EFF012798B79ADABA980E5D /* SectionHeaderText.xib */; };
		FECD9067BD88F42EBAFE3004 /* AppDelegate.swift in Sources */ = {isa = PBXBuildFile; fileRef = 32CE6D22E70E3C53276F855B /* AppDelegate.swift */; };
/* End PBXBuildFile section */

/* Begin PBXContainerItemProxy section */
		0E519FDE0F053A980DFE901E /* PBXContainerItemProxy */ = {
			isa = PBXContainerItemProxy;
			containerPortal = D7E0EBDDDBC1FA977A5B45A3 /* Project object */;
			proxyType = 1;
			remoteGlobalIDString = B4E099E0D2A5239A3F5429C2;
			remoteInfo = BombAPI;
		};
		15666392548D988AD8409EB7 /* PBXContainerItemProxy */ = {
			isa = PBXContainerItemProxy;
			containerPortal = D7E0EBDDDBC1FA977A5B45A3 /* Project object */;
			proxyType = 1;
			remoteGlobalIDString = BA43ED82566F15DD72C2E637;
			remoteInfo = "Bomb TV";
		};
		D6BFB16CB5877F596669FB3F /* PBXContainerItemProxy */ = {
			isa = PBXContainerItemProxy;
			containerPortal = D7E0EBDDDBC1FA977A5B45A3 /* Project object */;
			proxyType = 1;
			remoteGlobalIDString = BA43ED82566F15DD72C2E637;
			remoteInfo = "Bomb TV";
		};
/* End PBXContainerItemProxy section */

/* Begin PBXCopyFilesBuildPhase section */
		E746906FAF99B1931EAB143D /* Embed Frameworks */ = {
			isa = PBXCopyFilesBuildPhase;
			buildActionMask = 2147483647;
			dstPath = "";
			dstSubfolderSpec = 10;
			files = (
				242225E1819DAEF7B89D1275 /* BombAPI.framework in Embed Frameworks */,
			);
			name = "Embed Frameworks";
			runOnlyForDeploymentPostprocessing = 0;
		};
/* End PBXCopyFilesBuildPhase section */

/* Begin PBXFileReference section */
		1524341973647750B9F1B65C /* UnitTests.xctest */ = {isa = PBXFileReference; includeInIndex = 0; lastKnownFileType = wrapper.cfbundle; path = UnitTests.xctest; sourceTree = BUILT_PRODUCTS_DIR; };
		1EFF012798B79ADABA980E5D /* SectionHeaderText.xib */ = {isa = PBXFileReference; lastKnownFileType = file.xib; path = SectionHeaderText.xib; sourceTree = "<group>"; };
		2098B6E7F37CEA0161ED0342 /* release.xcconfig */ = {isa = PBXFileReference; lastKnownFileType = text.xcconfig; path = release.xcconfig; sourceTree = "<group>"; };
		2392E94E07D865B838493AD6 /* CredentialProvider.swift */ = {isa = PBXFileReference; lastKnownFileType = sourcecode.swift; path = CredentialProvider.swift; sourceTree = "<group>"; };
		2A6EB8A5BD967E80B05C4928 /* base.xcconfig */ = {isa = PBXFileReference; lastKnownFileType = text.xcconfig; path = base.xcconfig; sourceTree = "<group>"; };
		32CE6D22E70E3C53276F855B /* AppDelegate.swift */ = {isa = PBXFileReference; lastKnownFileType = sourcecode.swift; path = AppDelegate.swift; sourceTree = "<group>"; };
		33BAA243BE6D80000BC9BE6C /* Info.plist */ = {isa = PBXFileReference; lastKnownFileType = text.plist; path = Info.plist; sourceTree = "<group>"; };
		35AEB037F50DEC05EDE0895E /* Info.plist */ = {isa = PBXFileReference; lastKnownFileType = text.plist; path = Info.plist; sourceTree = "<group>"; };
		378DF5FBB1DCD1CB0055A51C /* BombAPI.swift */ = {isa = PBXFileReference; lastKnownFileType = sourcecode.swift; path = BombAPI.swift; sourceTree = "<group>"; };
		3C3A974A6D6CA6AB690B7C33 /* ViewController.swift */ = {isa = PBXFileReference; lastKnownFileType = sourcecode.swift; path = ViewController.swift; sourceTree = "<group>"; };
		3F477315FAD66FCC0DBBEAF9 /* Base */ = {isa = PBXFileReference; lastKnownFileType = file.storyboard; name = Base; path = Base.lproj/LaunchScreen.storyboard; sourceTree = "<group>"; };
		53E9E91BB1CC8DC0B4A8981B /* SectionHeaderText.swift */ = {isa = PBXFileReference; lastKnownFileType = sourcecode.swift; path = SectionHeaderText.swift; sourceTree = "<group>"; };
		55C24A303230A90A50047D0F /* Show.swift */ = {isa = PBXFileReference; lastKnownFileType = sourcecode.swift; path = Show.swift; sourceTree = "<group>"; };
		5C7156E4AA5CABC2783A41F8 /* BombAPI.framework */ = {isa = PBXFileReference; includeInIndex = 0; lastKnownFileType = wrapper.framework; path = BombAPI.framework; sourceTree = BUILT_PRODUCTS_DIR; };
		6383C788789C0B9AAA8912FF /* UITests.xctest */ = {isa = PBXFileReference; includeInIndex = 0; lastKnownFileType = wrapper.cfbundle; path = UITests.xctest; sourceTree = BUILT_PRODUCTS_DIR; };
		66E31EA3497C3DD14CF27666 /* Bomb TV.app */ = {isa = PBXFileReference; includeInIndex = 0; lastKnownFileType = wrapper.application; path = "Bomb TV.app"; sourceTree = BUILT_PRODUCTS_DIR; };
		6A0595E7B5A5640016FEC21C /* HomeViewModel.swift */ = {isa = PBXFileReference; lastKnownFileType = sourcecode.swift; path = HomeViewModel.swift; sourceTree = "<group>"; };
		6BB76183DD948BDB617AABCC /* VideosResponse.swift */ = {isa = PBXFileReference; lastKnownFileType = sourcecode.swift; path = VideosResponse.swift; sourceTree = "<group>"; };
		70E4EDE83A3BB84866021A7D /* release.xcconfig */ = {isa = PBXFileReference; lastKnownFileType = text.xcconfig; path = release.xcconfig; sourceTree = "<group>"; };
		72479A0E6A70854E2D6A53D8 /* VideoCell.swift */ = {isa = PBXFileReference; lastKnownFileType = sourcecode.swift; path = VideoCell.swift; sourceTree = "<group>"; };
		7C13467541C6D6726C97BFD9 /* BombDateFormatter.swift */ = {isa = PBXFileReference; lastKnownFileType = sourcecode.swift; path = BombDateFormatter.swift; sourceTree = "<group>"; };
		86E4D24E129AE623B9D50519 /* Base */ = {isa = PBXFileReference; lastKnownFileType = file.storyboard; name = Base; path = Base.lproj/Main.storyboard; sourceTree = "<group>"; };
		921EA90B34C1F202A90A4A05 /* Info.plist */ = {isa = PBXFileReference; lastKnownFileType = text.plist; path = Info.plist; sourceTree = "<group>"; };
		9A0DC94F25F8529BFF6C4851 /* Assets.xcassets */ = {isa = PBXFileReference; lastKnownFileType = folder.assetcatalog; path = Assets.xcassets; sourceTree = "<group>"; };
		9E26DECB8A641DFA44EBC63C /* Bomb_TVUITests.swift */ = {isa = PBXFileReference; lastKnownFileType = sourcecode.swift; path = Bomb_TVUITests.swift; sourceTree = "<group>"; };
		A6E2B0E202AF59E232D7F6A8 /* debug.xcconfig */ = {isa = PBXFileReference; lastKnownFileType = text.xcconfig; path = debug.xcconfig; sourceTree = "<group>"; };
		AC085D1A6315042479D473E2 /* BombVideo.swift */ = {isa = PBXFileReference; lastKnownFileType = sourcecode.swift; path = BombVideo.swift; sourceTree = "<group>"; };
		AEC903BFEB06D722AD044209 /* Bomb_TVTests.swift */ = {isa = PBXFileReference; lastKnownFileType = sourcecode.swift; path = Bomb_TVTests.swift; sourceTree = "<group>"; };
		B6AFB7701FB9C4626FEF2CB2 /* debug.xcconfig */ = {isa = PBXFileReference; lastKnownFileType = text.xcconfig; path = debug.xcconfig; sourceTree = "<group>"; };
		BE2820F2311029748E8A247E /* LiveVideo.swift */ = {isa = PBXFileReference; lastKnownFileType = sourcecode.swift; path = LiveVideo.swift; sourceTree = "<group>"; };
		BEE33D744E7A0EA079EA3D68 /* Info.plist */ = {isa = PBXFileReference; lastKnownFileType = text.plist; path = Info.plist; sourceTree = "<group>"; };
		C2A8140022886D1EBED83568 /* Images.swift */ = {isa = PBXFileReference; lastKnownFileType = sourcecode.swift; path = Images.swift; sourceTree = "<group>"; };
		CCFC6AF47F8DB69836780604 /* TVUIKit.framework */ = {isa = PBXFileReference; lastKnownFileType = wrapper.framework; name = TVUIKit.framework; path = System/Library/Frameworks/TVUIKit.framework; sourceTree = SDKROOT; };
		D7A15E196142A826871F30B9 /* VideoCell.xib */ = {isa = PBXFileReference; lastKnownFileType = file.xib; path = VideoCell.xib; sourceTree = "<group>"; };
		F692D2583BADE5871565FF02 /* VideoURLs.swift */ = {isa = PBXFileReference; lastKnownFileType = sourcecode.swift; path = VideoURLs.swift; sourceTree = "<group>"; };
		FCA84B66B9E8379E7C8951F7 /* base.xcconfig */ = {isa = PBXFileReference; lastKnownFileType = text.xcconfig; path = base.xcconfig; sourceTree = "<group>"; };
/* End PBXFileReference section */

/* Begin PBXFrameworksBuildPhase section */
		3242F218636A7358382F4B6E /* Frameworks */ = {
			isa = PBXFrameworksBuildPhase;
			buildActionMask = 2147483647;
			files = (
				7239058C33DA5FE347EC84FB /* BombAPI.framework in Frameworks */,
				A486976C4C8F64FAF9C8F4A3 /* Nuke in Frameworks */,
				B0AEE0CBC1947EA1F4B86829 /* TVUIKit.framework in Frameworks */,
			);
			runOnlyForDeploymentPostprocessing = 0;
		};
		AB8B69933E4809E3FD85C189 /* Frameworks */ = {
			isa = PBXFrameworksBuildPhase;
			buildActionMask = 2147483647;
			files = (
				0D50421E896ADA2636C55CA6 /* PromiseKit in Frameworks */,
				2E7884B992C38A6A0F57358F /* PMKFoundation in Frameworks */,
			);
			runOnlyForDeploymentPostprocessing = 0;
		};
/* End PBXFrameworksBuildPhase section */

/* Begin PBXGroup section */
		0C479C8690B60B2B5884D728 /* Models */ = {
			isa = PBXGroup;
			children = (
				AC085D1A6315042479D473E2 /* BombVideo.swift */,
				C2A8140022886D1EBED83568 /* Images.swift */,
				BE2820F2311029748E8A247E /* LiveVideo.swift */,
				55C24A303230A90A50047D0F /* Show.swift */,
				6BB76183DD948BDB617AABCC /* VideosResponse.swift */,
				F692D2583BADE5871565FF02 /* VideoURLs.swift */,
			);
			path = Models;
			sourceTree = "<group>";
		};
		0DEE14B404CB1C50218E2AE0 /* Bomb TVUITests */ = {
			isa = PBXGroup;
			children = (
				9E26DECB8A641DFA44EBC63C /* Bomb_TVUITests.swift */,
				33BAA243BE6D80000BC9BE6C /* Info.plist */,
			);
			path = "Bomb TVUITests";
			sourceTree = "<group>";
		};
		0E33054EB00AFB2728FDFB6E = {
			isa = PBXGroup;
			children = (
				4CF5480AA1C6AB0C9B76C0A7 /* Bomb TV */,
				4F499D85453E30BC0817806A /* Bomb TVTests */,
				0DEE14B404CB1C50218E2AE0 /* Bomb TVUITests */,
				DB2F8DC6D7C163AECF18B08D /* BombAPI */,
				956358DD742E662B53291015 /* Frameworks */,
				6FA1289FED19DF32A00652D8 /* Products */,
			);
			sourceTree = "<group>";
		};
		0E663CD4B914664741974E27 /* Configs */ = {
			isa = PBXGroup;
			children = (
				FCA84B66B9E8379E7C8951F7 /* base.xcconfig */,
				B6AFB7701FB9C4626FEF2CB2 /* debug.xcconfig */,
				2098B6E7F37CEA0161ED0342 /* release.xcconfig */,
			);
			path = Configs;
			sourceTree = "<group>";
		};
		322EE43345069323EF85AD31 /* Configs */ = {
			isa = PBXGroup;
			children = (
				2A6EB8A5BD967E80B05C4928 /* base.xcconfig */,
				A6E2B0E202AF59E232D7F6A8 /* debug.xcconfig */,
				70E4EDE83A3BB84866021A7D /* release.xcconfig */,
			);
			path = Configs;
			sourceTree = "<group>";
		};
		4CF5480AA1C6AB0C9B76C0A7 /* Bomb TV */ = {
			isa = PBXGroup;
			children = (
				32CE6D22E70E3C53276F855B /* AppDelegate.swift */,
				9A0DC94F25F8529BFF6C4851 /* Assets.xcassets */,
				BEE33D744E7A0EA079EA3D68 /* Info.plist */,
				F54630F081AFC11D42098B74 /* LaunchScreen.storyboard */,
				8B80EFD42882FCC6647ABE47 /* Main.storyboard */,
				3C3A974A6D6CA6AB690B7C33 /* ViewController.swift */,
				0E663CD4B914664741974E27 /* Configs */,
				A19656696C8B26DF5F6CCA08 /* ViewModels */,
				E2E95D6AFDAA3495EB030D64 /* Views */,
			);
			path = "Bomb TV";
			sourceTree = "<group>";
		};
		4F499D85453E30BC0817806A /* Bomb TVTests */ = {
			isa = PBXGroup;
			children = (
				AEC903BFEB06D722AD044209 /* Bomb_TVTests.swift */,
				35AEB037F50DEC05EDE0895E /* Info.plist */,
			);
			path = "Bomb TVTests";
			sourceTree = "<group>";
		};
		6FA1289FED19DF32A00652D8 /* Products */ = {
			isa = PBXGroup;
			children = (
				66E31EA3497C3DD14CF27666 /* Bomb TV.app */,
				5C7156E4AA5CABC2783A41F8 /* BombAPI.framework */,
				6383C788789C0B9AAA8912FF /* UITests.xctest */,
				1524341973647750B9F1B65C /* UnitTests.xctest */,
			);
			name = Products;
			sourceTree = "<group>";
		};
		956358DD742E662B53291015 /* Frameworks */ = {
			isa = PBXGroup;
			children = (
				CCFC6AF47F8DB69836780604 /* TVUIKit.framework */,
			);
			name = Frameworks;
			sourceTree = "<group>";
		};
		A19656696C8B26DF5F6CCA08 /* ViewModels */ = {
			isa = PBXGroup;
			children = (
				6A0595E7B5A5640016FEC21C /* HomeViewModel.swift */,
			);
			path = ViewModels;
			sourceTree = "<group>";
		};
		DB2F8DC6D7C163AECF18B08D /* BombAPI */ = {
			isa = PBXGroup;
			children = (
				378DF5FBB1DCD1CB0055A51C /* BombAPI.swift */,
				7C13467541C6D6726C97BFD9 /* BombDateFormatter.swift */,
				2392E94E07D865B838493AD6 /* CredentialProvider.swift */,
				921EA90B34C1F202A90A4A05 /* Info.plist */,
				322EE43345069323EF85AD31 /* Configs */,
				0C479C8690B60B2B5884D728 /* Models */,
			);
			path = BombAPI;
			sourceTree = "<group>";
		};
		E2E95D6AFDAA3495EB030D64 /* Views */ = {
			isa = PBXGroup;
			children = (
				53E9E91BB1CC8DC0B4A8981B /* SectionHeaderText.swift */,
				1EFF012798B79ADABA980E5D /* SectionHeaderText.xib */,
				72479A0E6A70854E2D6A53D8 /* VideoCell.swift */,
				D7A15E196142A826871F30B9 /* VideoCell.xib */,
			);
			path = Views;
			sourceTree = "<group>";
		};
/* End PBXGroup section */

/* Begin PBXNativeTarget section */
		3D552489549AEADDCE465300 /* UITests */ = {
			isa = PBXNativeTarget;
			buildConfigurationList = 56FE415AA9A150588BA3FDDD /* Build configuration list for PBXNativeTarget "UITests" */;
			buildPhases = (
				3BA6A213FB2EDB67F9694710 /* Sources */,
			);
			buildRules = (
			);
			dependencies = (
				921A33770BA60219E880ED3B /* PBXTargetDependency */,
			);
			name = UITests;
			productName = UITests;
			productReference = 6383C788789C0B9AAA8912FF /* UITests.xctest */;
			productType = "com.apple.product-type.bundle.ui-testing";
		};
		83369B80EFEA5347D2CE8E19 /* UnitTests */ = {
			isa = PBXNativeTarget;
			buildConfigurationList = 096F529C281DDD8D1981840A /* Build configuration list for PBXNativeTarget "UnitTests" */;
			buildPhases = (
				A825A0E1271B0DA43E1B60C1 /* Sources */,
			);
			buildRules = (
			);
			dependencies = (
				2DAE83C82CDAD1174494AC6D /* PBXTargetDependency */,
			);
			name = UnitTests;
			productName = UnitTests;
			productReference = 1524341973647750B9F1B65C /* UnitTests.xctest */;
			productType = "com.apple.product-type.bundle.unit-test";
		};
		B4E099E0D2A5239A3F5429C2 /* BombAPI */ = {
			isa = PBXNativeTarget;
			buildConfigurationList = 95D7A740510AA3CFC4945F28 /* Build configuration list for PBXNativeTarget "BombAPI" */;
			buildPhases = (
				7A56ED4777EEFB58775754A6 /* Sources */,
				AB8B69933E4809E3FD85C189 /* Frameworks */,
			);
			buildRules = (
			);
			dependencies = (
			);
			name = BombAPI;
			packageProductDependencies = (
				F1BBD13E145F05C0BC2F0500 /* PromiseKit */,
				4D8DC60422AF441237CD2BAD /* PMKFoundation */,
			);
			productName = BombAPI;
			productReference = 5C7156E4AA5CABC2783A41F8 /* BombAPI.framework */;
			productType = "com.apple.product-type.framework.static";
		};
		BA43ED82566F15DD72C2E637 /* Bomb TV */ = {
			isa = PBXNativeTarget;
			buildConfigurationList = 776EB46EE1D1E14771F61AB2 /* Build configuration list for PBXNativeTarget "Bomb TV" */;
			buildPhases = (
				D55A68047ACCB1DF99D79022 /* Sources */,
				97867ED31FE4AC5B1D692E01 /* Resources */,
				3242F218636A7358382F4B6E /* Frameworks */,
				E746906FAF99B1931EAB143D /* Embed Frameworks */,
			);
			buildRules = (
			);
			dependencies = (
				C65159C3C0C29513A256354C /* PBXTargetDependency */,
			);
			name = "Bomb TV";
			packageProductDependencies = (
				3664CC22F0D7E468AA2DF479 /* Nuke */,
			);
			productName = "Bomb TV";
			productReference = 66E31EA3497C3DD14CF27666 /* Bomb TV.app */;
			productType = "com.apple.product-type.application";
		};
/* End PBXNativeTarget section */

/* Begin PBXProject section */
		D7E0EBDDDBC1FA977A5B45A3 /* Project object */ = {
			isa = PBXProject;
			attributes = {
				LastUpgradeCheck = 1020;
				TargetAttributes = {
					3D552489549AEADDCE465300 = {
						TestTargetID = BA43ED82566F15DD72C2E637;
					};
					83369B80EFEA5347D2CE8E19 = {
						TestTargetID = BA43ED82566F15DD72C2E637;
					};
				};
			};
			buildConfigurationList = 14AF8BCE0C2D3B46AC9AC7AF /* Build configuration list for PBXProject "Bomb TV" */;
			compatibilityVersion = "Xcode 10.0";
			developmentRegion = en;
			hasScannedForEncodings = 0;
			knownRegions = (
				Base,
			);
			mainGroup = 0E33054EB00AFB2728FDFB6E;
			packageReferences = (
				B07A0D0BC452518D34E2F3C1 /* XCRemoteSwiftPackageReference "Nuke" */,
				5A6C0C1AF670C4F56266656B /* XCRemoteSwiftPackageReference "Foundation" */,
				A7D437CE08A5F8839A706803 /* XCRemoteSwiftPackageReference "PromiseKit" */,
			);
			projectDirPath = "";
			projectRoot = "";
			targets = (
				BA43ED82566F15DD72C2E637 /* Bomb TV */,
				B4E099E0D2A5239A3F5429C2 /* BombAPI */,
				3D552489549AEADDCE465300 /* UITests */,
				83369B80EFEA5347D2CE8E19 /* UnitTests */,
			);
		};
/* End PBXProject section */

/* Begin PBXResourcesBuildPhase section */
		97867ED31FE4AC5B1D692E01 /* Resources */ = {
			isa = PBXResourcesBuildPhase;
			buildActionMask = 2147483647;
			files = (
				3AD179442125BFC1949D753B /* Assets.xcassets in Resources */,
				E9433787AE26FBE759B90F27 /* LaunchScreen.storyboard in Resources */,
				1F6986E8C46CBFC1F2A1A937 /* Main.storyboard in Resources */,
				FD0C3786F69B7C57D188478C /* SectionHeaderText.xib in Resources */,
				5434BB552DB95F58084600DF /* VideoCell.xib in Resources */,
			);
			runOnlyForDeploymentPostprocessing = 0;
		};
/* End PBXResourcesBuildPhase section */

/* Begin PBXSourcesBuildPhase section */
		3BA6A213FB2EDB67F9694710 /* Sources */ = {
			isa = PBXSourcesBuildPhase;
			buildActionMask = 2147483647;
			files = (
				99415A422140D062D5219407 /* Bomb_TVUITests.swift in Sources */,
			);
			runOnlyForDeploymentPostprocessing = 0;
		};
		7A56ED4777EEFB58775754A6 /* Sources */ = {
			isa = PBXSourcesBuildPhase;
			buildActionMask = 2147483647;
			files = (
				85C13CCC0339E8BD5FB7BDE5 /* BombAPI.swift in Sources */,
				BB8913DA81BE05CCF8F1E435 /* BombDateFormatter.swift in Sources */,
				A72671C470BEB45BAE2637BA /* BombVideo.swift in Sources */,
				D44077734B4ABA26845811C3 /* CredentialProvider.swift in Sources */,
				643BA0060AC8065C5F52462A /* Images.swift in Sources */,
				A180F402F5A45DD3D4A4D659 /* LiveVideo.swift in Sources */,
				1ECEFEB80E3E47B251E183F8 /* Show.swift in Sources */,
				C3096C7C0F83FDC132F09498 /* VideoURLs.swift in Sources */,
				2E3D740CEA88363122E3081E /* VideosResponse.swift in Sources */,
			);
			runOnlyForDeploymentPostprocessing = 0;
		};
		A825A0E1271B0DA43E1B60C1 /* Sources */ = {
			isa = PBXSourcesBuildPhase;
			buildActionMask = 2147483647;
			files = (
				68B5A46FEE33D2CE0852AD7F /* Bomb_TVTests.swift in Sources */,
			);
			runOnlyForDeploymentPostprocessing = 0;
		};
		D55A68047ACCB1DF99D79022 /* Sources */ = {
			isa = PBXSourcesBuildPhase;
			buildActionMask = 2147483647;
			files = (
				FECD9067BD88F42EBAFE3004 /* AppDelegate.swift in Sources */,
				666BDBBCFFD078BA081F52A6 /* HomeViewModel.swift in Sources */,
				C882F91AA52B0BF93FF6FFEA /* SectionHeaderText.swift in Sources */,
				78702F7DBFDF1AF30FE63923 /* VideoCell.swift in Sources */,
				D17A6F966313674B7D7881F0 /* ViewController.swift in Sources */,
			);
			runOnlyForDeploymentPostprocessing = 0;
		};
/* End PBXSourcesBuildPhase section */

/* Begin PBXTargetDependency section */
		2DAE83C82CDAD1174494AC6D /* PBXTargetDependency */ = {
			isa = PBXTargetDependency;
			target = BA43ED82566F15DD72C2E637 /* Bomb TV */;
			targetProxy = 15666392548D988AD8409EB7 /* PBXContainerItemProxy */;
		};
		921A33770BA60219E880ED3B /* PBXTargetDependency */ = {
			isa = PBXTargetDependency;
			target = BA43ED82566F15DD72C2E637 /* Bomb TV */;
			targetProxy = D6BFB16CB5877F596669FB3F /* PBXContainerItemProxy */;
		};
		C65159C3C0C29513A256354C /* PBXTargetDependency */ = {
			isa = PBXTargetDependency;
			target = B4E099E0D2A5239A3F5429C2 /* BombAPI */;
			targetProxy = 0E519FDE0F053A980DFE901E /* PBXContainerItemProxy */;
		};
/* End PBXTargetDependency section */

/* Begin PBXVariantGroup section */
		8B80EFD42882FCC6647ABE47 /* Main.storyboard */ = {
			isa = PBXVariantGroup;
			children = (
				86E4D24E129AE623B9D50519 /* Base */,
			);
			name = Main.storyboard;
			sourceTree = "<group>";
		};
		F54630F081AFC11D42098B74 /* LaunchScreen.storyboard */ = {
			isa = PBXVariantGroup;
			children = (
				3F477315FAD66FCC0DBBEAF9 /* Base */,
			);
			name = LaunchScreen.storyboard;
			sourceTree = "<group>";
		};
/* End PBXVariantGroup section */

/* Begin XCBuildConfiguration section */
		158A3F2282B7AD058D870FF2 /* Release */ = {
			isa = XCBuildConfiguration;
			baseConfigurationReference = 70E4EDE83A3BB84866021A7D /* release.xcconfig */;
			buildSettings = {
				INFOPLIST_FILE = BombAPI/Info.plist;
				LD_RUNPATH_SEARCH_PATHS = (
					"$(inherited)",
					"@executable_path/Frameworks",
				);
				PRODUCT_BUNDLE_IDENTIFIER = uk.co.nathanwong.BombAPI;
				SDKROOT = appletvos;
				TARGETED_DEVICE_FAMILY = 3;
			};
			name = Release;
		};
		1A3237DB5DC11AF309D55018 /* Release */ = {
			isa = XCBuildConfiguration;
			baseConfigurationReference = 2098B6E7F37CEA0161ED0342 /* release.xcconfig */;
			buildSettings = {
				ASSETCATALOG_COMPILER_APPICON_NAME = "App Icon & Top Shelf Image";
				ASSETCATALOG_COMPILER_LAUNCHIMAGE_NAME = LaunchImage;
				INFOPLIST_FILE = "Bomb TV/Info.plist";
				LD_RUNPATH_SEARCH_PATHS = (
					"$(inherited)",
					"@executable_path/Frameworks",
				);
				PRODUCT_BUNDLE_IDENTIFIER = uk.co.nathanwong.BombTV;
				SDKROOT = appletvos;
				TARGETED_DEVICE_FAMILY = 3;
				TVOS_DEPLOYMENT_TARGET = 13.0;
			};
			name = Release;
		};
		629AA1F6DDDB4979596558D8 /* Release */ = {
			isa = XCBuildConfiguration;
			buildSettings = {
				BUNDLE_LOADER = "$(TEST_HOST)";
				INFOPLIST_FILE = "Bomb TVTests/Info.plist";
				LD_RUNPATH_SEARCH_PATHS = (
					"$(inherited)",
					"@executable_path/Frameworks",
					"@loader_path/Frameworks",
				);
				PRODUCT_BUNDLE_IDENTIFIER = uk.co.nathanwong.UnitTests;
				SDKROOT = appletvos;
				TARGETED_DEVICE_FAMILY = 3;
				TEST_HOST = "$(BUILT_PRODUCTS_DIR)/Bomb TV.app/Bomb TV";
				TEST_TARGET_NAME = "Bomb TV";
			};
			name = Release;
		};
		6AD67AD544C0C3DD0D825FF6 /* Debug */ = {
			isa = XCBuildConfiguration;
			baseConfigurationReference = A6E2B0E202AF59E232D7F6A8 /* debug.xcconfig */;
			buildSettings = {
				INFOPLIST_FILE = BombAPI/Info.plist;
				LD_RUNPATH_SEARCH_PATHS = (
					"$(inherited)",
					"@executable_path/Frameworks",
				);
				PRODUCT_BUNDLE_IDENTIFIER = uk.co.nathanwong.BombAPI;
				SDKROOT = appletvos;
				TARGETED_DEVICE_FAMILY = 3;
			};
			name = Debug;
		};
		A9DE9051D1501A55A1A2B218 /* Debug */ = {
			isa = XCBuildConfiguration;
			buildSettings = {
				ALWAYS_SEARCH_USER_PATHS = NO;
				CLANG_ANALYZER_NONNULL = YES;
				CLANG_ANALYZER_NUMBER_OBJECT_CONVERSION = YES_AGGRESSIVE;
				CLANG_CXX_LANGUAGE_STANDARD = "gnu++14";
				CLANG_CXX_LIBRARY = "libc++";
				CLANG_ENABLE_MODULES = YES;
				CLANG_ENABLE_OBJC_ARC = YES;
				CLANG_WARN_BLOCK_CAPTURE_AUTORELEASING = YES;
				CLANG_WARN_BOOL_CONVERSION = YES;
				CLANG_WARN_COMMA = YES;
				CLANG_WARN_CONSTANT_CONVERSION = YES;
				CLANG_WARN_DEPRECATED_OBJC_IMPLEMENTATIONS = YES;
				CLANG_WARN_DIRECT_OBJC_ISA_USAGE = YES_ERROR;
				CLANG_WARN_DOCUMENTATION_COMMENTS = YES;
				CLANG_WARN_EMPTY_BODY = YES;
				CLANG_WARN_ENUM_CONVERSION = YES;
				CLANG_WARN_INFINITE_RECURSION = YES;
				CLANG_WARN_INT_CONVERSION = YES;
				CLANG_WARN_NON_LITERAL_NULL_CONVERSION = YES;
				CLANG_WARN_OBJC_IMPLICIT_RETAIN_SELF = YES;
				CLANG_WARN_OBJC_LITERAL_CONVERSION = YES;
				CLANG_WARN_OBJC_ROOT_CLASS = YES_ERROR;
				CLANG_WARN_RANGE_LOOP_ANALYSIS = YES;
				CLANG_WARN_STRICT_PROTOTYPES = YES;
				CLANG_WARN_SUSPICIOUS_MOVE = YES;
				CLANG_WARN_UNGUARDED_AVAILABILITY = YES_AGGRESSIVE;
				CLANG_WARN_UNREACHABLE_CODE = YES;
				CLANG_WARN__DUPLICATE_METHOD_MATCH = YES;
				COPY_PHASE_STRIP = NO;
				DEBUG_INFORMATION_FORMAT = dwarf;
				ENABLE_STRICT_OBJC_MSGSEND = YES;
				ENABLE_TESTABILITY = YES;
				GCC_C_LANGUAGE_STANDARD = gnu11;
				GCC_DYNAMIC_NO_PIC = NO;
				GCC_NO_COMMON_BLOCKS = YES;
				GCC_OPTIMIZATION_LEVEL = 0;
				GCC_PREPROCESSOR_DEFINITIONS = (
					"$(inherited)",
					"DEBUG=1",
				);
				GCC_WARN_64_TO_32_BIT_CONVERSION = YES;
				GCC_WARN_ABOUT_RETURN_TYPE = YES_ERROR;
				GCC_WARN_UNDECLARED_SELECTOR = YES;
				GCC_WARN_UNINITIALIZED_AUTOS = YES_AGGRESSIVE;
				GCC_WARN_UNUSED_FUNCTION = YES;
				GCC_WARN_UNUSED_VARIABLE = YES;
				MTL_ENABLE_DEBUG_INFO = YES;
				ONLY_ACTIVE_ARCH = YES;
				PRODUCT_NAME = "$(TARGET_NAME)";
				SDKROOT = appletvos;
				SWIFT_ACTIVE_COMPILATION_CONDITIONS = DEBUG;
				SWIFT_OPTIMIZATION_LEVEL = "-Onone";
				SWIFT_VERSION = 5.0;
			};
			name = Debug;
		};
		BD1392A6257A28AE077E763B /* Release */ = {
			isa = XCBuildConfiguration;
			buildSettings = {
				BUNDLE_LOADER = "$(TEST_HOST)";
				INFOPLIST_FILE = "Bomb TVUITests/Info.plist";
				LD_RUNPATH_SEARCH_PATHS = (
					"$(inherited)",
					"@executable_path/Frameworks",
					"@loader_path/Frameworks",
				);
				PRODUCT_BUNDLE_IDENTIFIER = uk.co.nathanwong.UITests;
				SDKROOT = appletvos;
				TARGETED_DEVICE_FAMILY = 3;
				TEST_TARGET_NAME = "Bomb TV";
			};
			name = Release;
		};
		C03E3687108FECCAC67A6E3B /* Release */ = {
			isa = XCBuildConfiguration;
			buildSettings = {
				ALWAYS_SEARCH_USER_PATHS = NO;
				CLANG_ANALYZER_NONNULL = YES;
				CLANG_ANALYZER_NUMBER_OBJECT_CONVERSION = YES_AGGRESSIVE;
				CLANG_CXX_LANGUAGE_STANDARD = "gnu++14";
				CLANG_CXX_LIBRARY = "libc++";
				CLANG_ENABLE_MODULES = YES;
				CLANG_ENABLE_OBJC_ARC = YES;
				CLANG_WARN_BLOCK_CAPTURE_AUTORELEASING = YES;
				CLANG_WARN_BOOL_CONVERSION = YES;
				CLANG_WARN_COMMA = YES;
				CLANG_WARN_CONSTANT_CONVERSION = YES;
				CLANG_WARN_DEPRECATED_OBJC_IMPLEMENTATIONS = YES;
				CLANG_WARN_DIRECT_OBJC_ISA_USAGE = YES_ERROR;
				CLANG_WARN_DOCUMENTATION_COMMENTS = YES;
				CLANG_WARN_EMPTY_BODY = YES;
				CLANG_WARN_ENUM_CONVERSION = YES;
				CLANG_WARN_INFINITE_RECURSION = YES;
				CLANG_WARN_INT_CONVERSION = YES;
				CLANG_WARN_NON_LITERAL_NULL_CONVERSION = YES;
				CLANG_WARN_OBJC_IMPLICIT_RETAIN_SELF = YES;
				CLANG_WARN_OBJC_LITERAL_CONVERSION = YES;
				CLANG_WARN_OBJC_ROOT_CLASS = YES_ERROR;
				CLANG_WARN_RANGE_LOOP_ANALYSIS = YES;
				CLANG_WARN_STRICT_PROTOTYPES = YES;
				CLANG_WARN_SUSPICIOUS_MOVE = YES;
				CLANG_WARN_UNGUARDED_AVAILABILITY = YES_AGGRESSIVE;
				CLANG_WARN_UNREACHABLE_CODE = YES;
				CLANG_WARN__DUPLICATE_METHOD_MATCH = YES;
				COPY_PHASE_STRIP = NO;
				DEBUG_INFORMATION_FORMAT = "dwarf-with-dsym";
				ENABLE_NS_ASSERTIONS = NO;
				ENABLE_STRICT_OBJC_MSGSEND = YES;
				GCC_C_LANGUAGE_STANDARD = gnu11;
				GCC_NO_COMMON_BLOCKS = YES;
				GCC_WARN_64_TO_32_BIT_CONVERSION = YES;
				GCC_WARN_ABOUT_RETURN_TYPE = YES_ERROR;
				GCC_WARN_UNDECLARED_SELECTOR = YES;
				GCC_WARN_UNINITIALIZED_AUTOS = YES_AGGRESSIVE;
				GCC_WARN_UNUSED_FUNCTION = YES;
				GCC_WARN_UNUSED_VARIABLE = YES;
				PRODUCT_NAME = "$(TARGET_NAME)";
				SDKROOT = appletvos;
				SWIFT_COMPILATION_MODE = wholemodule;
				SWIFT_VERSION = 5.0;
				VALIDATE_PRODUCT = YES;
			};
			name = Release;
		};
		CAEBCF3130219B9C06DEEF9C /* Debug */ = {
			isa = XCBuildConfiguration;
			baseConfigurationReference = B6AFB7701FB9C4626FEF2CB2 /* debug.xcconfig */;
			buildSettings = {
				ASSETCATALOG_COMPILER_APPICON_NAME = "App Icon & Top Shelf Image";
				ASSETCATALOG_COMPILER_LAUNCHIMAGE_NAME = LaunchImage;
				INFOPLIST_FILE = "Bomb TV/Info.plist";
				LD_RUNPATH_SEARCH_PATHS = (
					"$(inherited)",
					"@executable_path/Frameworks",
				);
				PRODUCT_BUNDLE_IDENTIFIER = uk.co.nathanwong.BombTV;
				SDKROOT = appletvos;
				TARGETED_DEVICE_FAMILY = 3;
				TVOS_DEPLOYMENT_TARGET = 13.0;
			};
			name = Debug;
		};
		CF455C8B3739BF429F86DF4D /* Debug */ = {
			isa = XCBuildConfiguration;
			buildSettings = {
				BUNDLE_LOADER = "$(TEST_HOST)";
				INFOPLIST_FILE = "Bomb TVTests/Info.plist";
				LD_RUNPATH_SEARCH_PATHS = (
					"$(inherited)",
					"@executable_path/Frameworks",
					"@loader_path/Frameworks",
				);
				PRODUCT_BUNDLE_IDENTIFIER = uk.co.nathanwong.UnitTests;
				SDKROOT = appletvos;
				TARGETED_DEVICE_FAMILY = 3;
				TEST_HOST = "$(BUILT_PRODUCTS_DIR)/Bomb TV.app/Bomb TV";
				TEST_TARGET_NAME = "Bomb TV";
			};
			name = Debug;
		};
		DD752673B8FEF271A5995F53 /* Debug */ = {
			isa = XCBuildConfiguration;
			buildSettings = {
				BUNDLE_LOADER = "$(TEST_HOST)";
				INFOPLIST_FILE = "Bomb TVUITests/Info.plist";
				LD_RUNPATH_SEARCH_PATHS = (
					"$(inherited)",
					"@executable_path/Frameworks",
					"@loader_path/Frameworks",
				);
				PRODUCT_BUNDLE_IDENTIFIER = uk.co.nathanwong.UITests;
				SDKROOT = appletvos;
				TARGETED_DEVICE_FAMILY = 3;
				TEST_TARGET_NAME = "Bomb TV";
			};
			name = Debug;
		};
/* End XCBuildConfiguration section */

/* Begin XCConfigurationList section */
		096F529C281DDD8D1981840A /* Build configuration list for PBXNativeTarget "UnitTests" */ = {
			isa = XCConfigurationList;
			buildConfigurations = (
				CF455C8B3739BF429F86DF4D /* Debug */,
				629AA1F6DDDB4979596558D8 /* Release */,
			);
			defaultConfigurationIsVisible = 0;
			defaultConfigurationName = "";
		};
		14AF8BCE0C2D3B46AC9AC7AF /* Build configuration list for PBXProject "Bomb TV" */ = {
			isa = XCConfigurationList;
			buildConfigurations = (
				A9DE9051D1501A55A1A2B218 /* Debug */,
				C03E3687108FECCAC67A6E3B /* Release */,
			);
			defaultConfigurationIsVisible = 0;
			defaultConfigurationName = Debug;
		};
		56FE415AA9A150588BA3FDDD /* Build configuration list for PBXNativeTarget "UITests" */ = {
			isa = XCConfigurationList;
			buildConfigurations = (
				DD752673B8FEF271A5995F53 /* Debug */,
				BD1392A6257A28AE077E763B /* Release */,
			);
			defaultConfigurationIsVisible = 0;
			defaultConfigurationName = "";
		};
		776EB46EE1D1E14771F61AB2 /* Build configuration list for PBXNativeTarget "Bomb TV" */ = {
			isa = XCConfigurationList;
			buildConfigurations = (
				CAEBCF3130219B9C06DEEF9C /* Debug */,
				1A3237DB5DC11AF309D55018 /* Release */,
			);
			defaultConfigurationIsVisible = 0;
			defaultConfigurationName = "";
		};
		95D7A740510AA3CFC4945F28 /* Build configuration list for PBXNativeTarget "BombAPI" */ = {
			isa = XCConfigurationList;
			buildConfigurations = (
				6AD67AD544C0C3DD0D825FF6 /* Debug */,
				158A3F2282B7AD058D870FF2 /* Release */,
			);
			defaultConfigurationIsVisible = 0;
			defaultConfigurationName = "";
		};
/* End XCConfigurationList section */

/* Begin XCRemoteSwiftPackageReference section */
		5A6C0C1AF670C4F56266656B /* XCRemoteSwiftPackageReference "Foundation" */ = {
			isa = XCRemoteSwiftPackageReference;
			repositoryURL = "https://github.com/PromiseKit/Foundation.git";
			requirement = {
				kind = upToNextMajorVersion;
				minimumVersion = 3.3.4;
			};
		};
		A7D437CE08A5F8839A706803 /* XCRemoteSwiftPackageReference "PromiseKit" */ = {
			isa = XCRemoteSwiftPackageReference;
			repositoryURL = "https://github.com/mxcl/PromiseKit";
			requirement = {
				kind = upToNextMajorVersion;
				minimumVersion = 6.13.0;
			};
		};
		B07A0D0BC452518D34E2F3C1 /* XCRemoteSwiftPackageReference "Nuke" */ = {
			isa = XCRemoteSwiftPackageReference;
			repositoryURL = "https://github.com/kean/Nuke.git";
			requirement = {
				kind = upToNextMajorVersion;
				minimumVersion = 8.4.0;
			};
		};
/* End XCRemoteSwiftPackageReference section */

/* Begin XCSwiftPackageProductDependency section */
		3664CC22F0D7E468AA2DF479 /* Nuke */ = {
			isa = XCSwiftPackageProductDependency;
			package = B07A0D0BC452518D34E2F3C1 /* XCRemoteSwiftPackageReference "Nuke" */;
			productName = Nuke;
		};
		4D8DC60422AF441237CD2BAD /* PMKFoundation */ = {
			isa = XCSwiftPackageProductDependency;
			package = 5A6C0C1AF670C4F56266656B /* XCRemoteSwiftPackageReference "Foundation" */;
			productName = PMKFoundation;
		};
		F1BBD13E145F05C0BC2F0500 /* PromiseKit */ = {
			isa = XCSwiftPackageProductDependency;
			package = A7D437CE08A5F8839A706803 /* XCRemoteSwiftPackageReference "PromiseKit" */;
			productName = PromiseKit;
		};
/* End XCSwiftPackageProductDependency section */
	};
	rootObject = D7E0EBDDDBC1FA977A5B45A3 /* Project object */;
}
